
Microsoft Visual Studio Solution File, Format Version 12.00
# Visual Studio 2012
Project("{FAE04EC0-301F-11D3-BF4B-00C04F79EFBC}") = "Giaodien2", "Giaodien2\Giaodien2.csproj", "{0CB7345C-9826-4FC7-A10A-AF3975580293}"
EndProject
Project("{2150E333-8FDC-42A3-9474-1A3956D46DE8}") = "Solution Items", "Solution Items", "{D8179646-B52A-44EF-8208-B1381785CE2A}"
	ProjectSection(SolutionItems) = preProject
		test.txt = test.txt
		test1.txt = test1.txt
	EndProjectSection
EndProject
Global
	GlobalSection(SolutionConfigurationPlatforms) = preSolution
		Debug|Any CPU = Debug|Any CPU
		Release|Any CPU = Release|Any CPU
	EndGlobalSection
	GlobalSection(ProjectConfigurationPlatforms) = postSolution
		{0CB7345C-9826-4FC7-A10A-AF3975580293}.Debug|Any CPU.ActiveCfg = Debug|Any CPU
		{0CB7345C-9826-4FC7-A10A-AF3975580293}.Debug|Any CPU.Build.0 = Debug|Any CPU
		{0CB7345C-9826-4FC7-A10A-AF3975580293}.Release|Any CPU.ActiveCfg = Release|Any CPU
		{0CB7345C-9826-4FC7-A10A-AF3975580293}.Release|Any CPU.Build.0 = Release|Any CPU
	EndGlobalSection
	GlobalSection(SolutionProperties) = preSolution
		HideSolutionNode = FALSE
	EndGlobalSection
EndGlobal
